
Microsoft Visual Studio Solution File, Format Version 10.00
# Visual Studio 2008
Project("{FAE04EC0-301F-11D3-BF4B-00C04F79EFBC}") = "Zelous", "Zelous.csproj", "{58719A5A-2C26-4633-821C-E4AF7DDC31BD}"
EndProject
Global
	GlobalSection(SolutionConfigurationPlatforms) = preSolution
		Debug|Any CPU = Debug|Any CPU
		Release|Any CPU = Release|Any CPU
	EndGlobalSection
	GlobalSection(ProjectConfigurationPlatforms) = postSolution
		{58719A5A-2C26-4633-821C-E4AF7DDC31BD}.Debug|Any CPU.ActiveCfg = Debug|Any CPU
		{58719A5A-2C26-4633-821C-E4AF7DDC31BD}.Debug|Any CPU.Build.0 = Debug|Any CPU
		{58719A5A-2C26-4633-821C-E4AF7DDC31BD}.Release|Any CPU.ActiveCfg = Release|Any CPU
		{58719A5A-2C26-4633-821C-E4AF7DDC31BD}.Release|Any CPU.Build.0 = Release|Any CPU
	EndGlobalSection
	GlobalSection(SolutionProperties) = preSolution
		HideSolutionNode = FALSE
	EndGlobalSection
EndGlobal
